
Microsoft Visual Studio Solution File, Format Version 12.00
# Visual Studio 15
VisualStudioVersion = 15.0.28010.2048
MinimumVisualStudioVersion = 10.0.40219.1
Project("{FAE04EC0-301F-11D3-BF4B-00C04F79EFBC}") = "TetraTech.TTProjetPlus", "TetraTech.TTProjetPlus\TetraTech.TTProjetPlus.csproj", "{711571B3-19EC-4459-8AC4-E60D65D6EC71}"
EndProject
Project("{FAE04EC0-301F-11D3-BF4B-00C04F79EFBC}") = "TetraTech.TTProjetPlus.Tests", "TetraTech.TTProjetPlus.Tests\TetraTech.TTProjetPlus.Tests.csproj", "{30142B69-53DD-41E4-8F51-160915983127}"
EndProject
Global
	GlobalSection(SolutionConfigurationPlatforms) = preSolution
		Debug|Any CPU = Debug|Any CPU
		Release|Any CPU = Release|Any CPU
	EndGlobalSection
	GlobalSection(ProjectConfigurationPlatforms) = postSolution
		{711571B3-19EC-4459-8AC4-E60D65D6EC71}.Debug|Any CPU.ActiveCfg = Debug|Any CPU
		{711571B3-19EC-4459-8AC4-E60D65D6EC71}.Debug|Any CPU.Build.0 = Debug|Any CPU
		{711571B3-19EC-4459-8AC4-E60D65D6EC71}.Release|Any CPU.ActiveCfg = Release|Any CPU
		{711571B3-19EC-4459-8AC4-E60D65D6EC71}.Release|Any CPU.Build.0 = Release|Any CPU
		{30142B69-53DD-41E4-8F51-160915983127}.Debug|Any CPU.ActiveCfg = Debug|Any CPU
		{30142B69-53DD-41E4-8F51-160915983127}.Debug|Any CPU.Build.0 = Debug|Any CPU
		{30142B69-53DD-41E4-8F51-160915983127}.Release|Any CPU.ActiveCfg = Release|Any CPU
		{30142B69-53DD-41E4-8F51-160915983127}.Release|Any CPU.Build.0 = Release|Any CPU
	EndGlobalSection
	GlobalSection(SolutionProperties) = preSolution
		HideSolutionNode = FALSE
	EndGlobalSection
	GlobalSection(ExtensibilityGlobals) = postSolution
		SolutionGuid = {7A7AC288-D00E-41F0-892E-FA105C6B4899}
	EndGlobalSection
	GlobalSection(TeamFoundationVersionControl) = preSolution
		SccNumberOfProjects = 3
		SccEnterpriseProvider = {4CA58AB2-18FA-4F8D-95D4-32DDF27D184C}
		SccTeamFoundationServer = https://tetratechqi.visualstudio.com/
		SccLocalPath0 = .
		SccProjectUniqueName1 = TetraTech.TTProjetPlus.Tests\\TetraTech.TTProjetPlus.Tests.csproj
		SccProjectName1 = TetraTech.TTProjetPlus.Tests
		SccLocalPath1 = TetraTech.TTProjetPlus.Tests
		SccProjectUniqueName2 = TetraTech.TTProjetPlus\\TetraTech.TTProjetPlus.csproj
		SccProjectName2 = TetraTech.TTProjetPlus
		SccLocalPath2 = TetraTech.TTProjetPlus
	EndGlobalSection
EndGlobal
